{
  "name": "@types/ioredis-mock",
  "version": "1.0.0",
  "lockfileVersion": 1,
  "requires": true,
  "dependencies": {
    "@types/ioredis": {
      "version": "4.0.11",
      "resolved": "https://registry.npmjs.org/@types/ioredis/-/ioredis-4.0.11.tgz",
      "integrity": "sha512-spuEM4/UxlFH95NCrMojH9FTP3SLm8N2Itb9f0z0pca1IVdlPHobjps+KccEiUuYdfhzpdKOox8yGoqO9vahaw==",
      "dev": true,
      "requires": {
        "@types/node": "*"
      }
    },
    "@types/node": {
      "version": "12.0.3",
      "resolved": "https://registry.npmjs.org/@types/node/-/node-12.0.3.tgz",
      "integrity": "sha512-zkOxCS/fA+3SsdA+9Yun0iANxzhQRiNwTvJSr6N95JhuJ/x27z9G2URx1Jpt3zYFfCGUXZGL5UDxt5eyLE7wgw==",
      "dev": true
    }
  }
}
